
Microsoft Visual Studio Solution File, Format Version 12.00
# Visual Studio 15
VisualStudioVersion = 15.0.28307.1321
MinimumVisualStudioVersion = 10.0.40219.1
Project("{FAE04EC0-301F-11D3-BF4B-00C04F79EFBC}") = "ATM", "ATM\ATM.csproj", "{4AAB5367-9F66-4EFF-A9EB-EA1513BD3072}"
EndProject
Global
	GlobalSection(SolutionConfigurationPlatforms) = preSolution
		Debug|Any CPU = Debug|Any CPU
		Release|Any CPU = Release|Any CPU
	EndGlobalSection
	GlobalSection(ProjectConfigurationPlatforms) = postSolution
		{4AAB5367-9F66-4EFF-A9EB-EA1513BD3072}.Debug|Any CPU.ActiveCfg = Debug|Any CPU
		{4AAB5367-9F66-4EFF-A9EB-EA1513BD3072}.Debug|Any CPU.Build.0 = Debug|Any CPU
		{4AAB5367-9F66-4EFF-A9EB-EA1513BD3072}.Release|Any CPU.ActiveCfg = Release|Any CPU
		{4AAB5367-9F66-4EFF-A9EB-EA1513BD3072}.Release|Any CPU.Build.0 = Release|Any CPU
	EndGlobalSection
	GlobalSection(SolutionProperties) = preSolution
		HideSolutionNode = FALSE
	EndGlobalSection
	GlobalSection(ExtensibilityGlobals) = postSolution
		SolutionGuid = {D5290296-6AE9-4745-AF40-3B22A482E6E8}
	EndGlobalSection
EndGlobal
